{
  "nodes": {
    "nixpkgs": {
      "locked": {
        "lastModified": 1773610124,
        "narHash": "sha256-EpC7ELOKmb+xXaqpK5ZRpJ5g9fxxg6tWny7/rUBfrwk=",
        "owner": "nixos",
        "repo": "nixpkgs",
        "rev": "9fe1300f4360e13f39d6d1d006e54fd5093e9ad5",
        "type": "github"
      },
      "original": {
        "owner": "nixos",
        "ref": "nixos-25.11",
        "repo": "nixpkgs",
        "type": "github"
      }
    },
    "nvim-config": {
      "flake": false,
      "locked": {
        "lastModified": 1773681976,
        "narHash": "sha256-86B5RoZmWcsQUTYtP0IOhdKqokr/01NhpMoeWqJOT3s=",
        "owner": "TheWhale01",
        "repo": "nvim-config",
        "rev": "005e599cda7b37a648bb6b581d10fdd55c82b791",
        "type": "github"
      },
      "original": {
        "owner": "TheWhale01",
        "repo": "nvim-config",
        "type": "github"
      }
    },
    "root": {
      "inputs": {
        "nixpkgs": "nixpkgs",
        "nvim-config": "nvim-config"
      }
    }
  },
  "root": "root",
  "version": 7
}
